
Microsoft Visual Studio Solution File, Format Version 12.00
# Visual Studio Version 17
VisualStudioVersion = 17.9.34723.18
MinimumVisualStudioVersion = 10.0.40219.1
Project("{FAE04EC0-301F-11D3-BF4B-00C04F79EFBC}") = "DAL", "DAL\DAL.csproj", "{9190344B-4BEC-40DB-A000-6CFAE1017982}"
EndProject
Project("{FAE04EC0-301F-11D3-BF4B-00C04F79EFBC}") = "BLL", "BLL\BLL.csproj", "{64F7FC81-1891-413B-9A6C-420DC1034C32}"
EndProject
Project("{FAE04EC0-301F-11D3-BF4B-00C04F79EFBC}") = "API", "API\API.csproj", "{A1BC04D8-C57A-485A-AA60-F9E4BACE4042}"
EndProject
Global
	GlobalSection(SolutionConfigurationPlatforms) = preSolution
		Debug|Any CPU = Debug|Any CPU
		Release|Any CPU = Release|Any CPU
	EndGlobalSection
	GlobalSection(ProjectConfigurationPlatforms) = postSolution
		{9190344B-4BEC-40DB-A000-6CFAE1017982}.Debug|Any CPU.ActiveCfg = Debug|Any CPU
		{9190344B-4BEC-40DB-A000-6CFAE1017982}.Debug|Any CPU.Build.0 = Debug|Any CPU
		{9190344B-4BEC-40DB-A000-6CFAE1017982}.Release|Any CPU.ActiveCfg = Release|Any CPU
		{9190344B-4BEC-40DB-A000-6CFAE1017982}.Release|Any CPU.Build.0 = Release|Any CPU
		{64F7FC81-1891-413B-9A6C-420DC1034C32}.Debug|Any CPU.ActiveCfg = Debug|Any CPU
		{64F7FC81-1891-413B-9A6C-420DC1034C32}.Debug|Any CPU.Build.0 = Debug|Any CPU
		{64F7FC81-1891-413B-9A6C-420DC1034C32}.Release|Any CPU.ActiveCfg = Release|Any CPU
		{64F7FC81-1891-413B-9A6C-420DC1034C32}.Release|Any CPU.Build.0 = Release|Any CPU
		{A1BC04D8-C57A-485A-AA60-F9E4BACE4042}.Debug|Any CPU.ActiveCfg = Debug|Any CPU
		{A1BC04D8-C57A-485A-AA60-F9E4BACE4042}.Debug|Any CPU.Build.0 = Debug|Any CPU
		{A1BC04D8-C57A-485A-AA60-F9E4BACE4042}.Release|Any CPU.ActiveCfg = Release|Any CPU
		{A1BC04D8-C57A-485A-AA60-F9E4BACE4042}.Release|Any CPU.Build.0 = Release|Any CPU
	EndGlobalSection
	GlobalSection(SolutionProperties) = preSolution
		HideSolutionNode = FALSE
	EndGlobalSection
	GlobalSection(ExtensibilityGlobals) = postSolution
		SolutionGuid = {13064AE5-E965-445B-BF54-BC66A62E55CC}
	EndGlobalSection
EndGlobal
