
Microsoft Visual Studio Solution File, Format Version 12.00
# Visual Studio Version 17
VisualStudioVersion = 17.9.34723.18
MinimumVisualStudioVersion = 10.0.40219.1
Project("{9A19103F-16F7-4668-BE54-9A1E7A4F7556}") = "DAL", "DAL\DAL.csproj", "{BEF0EBC0-6EC5-496C-85F7-55ABE425B68A}"
EndProject
Project("{9A19103F-16F7-4668-BE54-9A1E7A4F7556}") = "BLL", "BLL\BLL.csproj", "{35DD2E89-EF79-4B91-B3BF-6A5ED1192EF2}"
EndProject
Project("{9A19103F-16F7-4668-BE54-9A1E7A4F7556}") = "API", "API\API.csproj", "{B6EDFB14-3303-467D-B4B0-0A80B1D5D971}"
EndProject
Global
	GlobalSection(SolutionConfigurationPlatforms) = preSolution
		Debug|Any CPU = Debug|Any CPU
		Release|Any CPU = Release|Any CPU
	EndGlobalSection
	GlobalSection(ProjectConfigurationPlatforms) = postSolution
		{BEF0EBC0-6EC5-496C-85F7-55ABE425B68A}.Debug|Any CPU.ActiveCfg = Debug|Any CPU
		{BEF0EBC0-6EC5-496C-85F7-55ABE425B68A}.Debug|Any CPU.Build.0 = Debug|Any CPU
		{BEF0EBC0-6EC5-496C-85F7-55ABE425B68A}.Release|Any CPU.ActiveCfg = Release|Any CPU
		{BEF0EBC0-6EC5-496C-85F7-55ABE425B68A}.Release|Any CPU.Build.0 = Release|Any CPU
		{35DD2E89-EF79-4B91-B3BF-6A5ED1192EF2}.Debug|Any CPU.ActiveCfg = Debug|Any CPU
		{35DD2E89-EF79-4B91-B3BF-6A5ED1192EF2}.Debug|Any CPU.Build.0 = Debug|Any CPU
		{35DD2E89-EF79-4B91-B3BF-6A5ED1192EF2}.Release|Any CPU.ActiveCfg = Release|Any CPU
		{35DD2E89-EF79-4B91-B3BF-6A5ED1192EF2}.Release|Any CPU.Build.0 = Release|Any CPU
		{B6EDFB14-3303-467D-B4B0-0A80B1D5D971}.Debug|Any CPU.ActiveCfg = Debug|Any CPU
		{B6EDFB14-3303-467D-B4B0-0A80B1D5D971}.Debug|Any CPU.Build.0 = Debug|Any CPU
		{B6EDFB14-3303-467D-B4B0-0A80B1D5D971}.Release|Any CPU.ActiveCfg = Release|Any CPU
		{B6EDFB14-3303-467D-B4B0-0A80B1D5D971}.Release|Any CPU.Build.0 = Release|Any CPU
	EndGlobalSection
	GlobalSection(SolutionProperties) = preSolution
		HideSolutionNode = FALSE
	EndGlobalSection
	GlobalSection(ExtensibilityGlobals) = postSolution
		SolutionGuid = {960E2477-89C8-4840-B24C-9E2654DCFBC7}
	EndGlobalSection
EndGlobal
